
Microsoft Visual Studio Solution File, Format Version 12.00
# Visual Studio Version 17
VisualStudioVersion = 17.4.33205.214
MinimumVisualStudioVersion = 10.0.40219.1
Project("{888888A0-9F3D-457C-B088-3A5042F75D52}") = "listid", "listid\listid.pyproj", "{BE2D4CDA-7370-4D6C-A972-60EB39B2B2A8}"
EndProject
Global
	GlobalSection(SolutionConfigurationPlatforms) = preSolution
		Debug|Any CPU = Debug|Any CPU
		Release|Any CPU = Release|Any CPU
	EndGlobalSection
	GlobalSection(ProjectConfigurationPlatforms) = postSolution
		{BE2D4CDA-7370-4D6C-A972-60EB39B2B2A8}.Debug|Any CPU.ActiveCfg = Debug|Any CPU
		{BE2D4CDA-7370-4D6C-A972-60EB39B2B2A8}.Release|Any CPU.ActiveCfg = Release|Any CPU
	EndGlobalSection
	GlobalSection(SolutionProperties) = preSolution
		HideSolutionNode = FALSE
	EndGlobalSection
	GlobalSection(ExtensibilityGlobals) = postSolution
		SolutionGuid = {E5E9F705-0B12-4CD8-8FCB-A1D2258F5650}
	EndGlobalSection
EndGlobal
